
Microsoft Visual Studio Solution File, Format Version 12.00
# Visual Studio Version 16
VisualStudioVersion = 16.0.31313.79
MinimumVisualStudioVersion = 10.0.40219.1
Project("{9A19103F-16F7-4668-BE54-9A1E7A4F7556}") = "AutomobilesApi", "AutomobilesApi\AutomobilesApi.csproj", "{84CFE7D8-6708-4268-8903-493BA381F93E}"
EndProject
Project("{9A19103F-16F7-4668-BE54-9A1E7A4F7556}") = "AutomobilesCore", "AutomobilesCore\AutomobilesCore.csproj", "{419EA593-4EAB-49DD-96CD-394D42799155}"
EndProject
Project("{FAE04EC0-301F-11D3-BF4B-00C04F79EFBC}") = "Web", "Web\Web.csproj", "{BA0C32C0-7DB0-49EC-B9AC-5F1EBF8046E4}"
EndProject
Global
	GlobalSection(SolutionConfigurationPlatforms) = preSolution
		Debug|Any CPU = Debug|Any CPU
		Release|Any CPU = Release|Any CPU
	EndGlobalSection
	GlobalSection(ProjectConfigurationPlatforms) = postSolution
		{84CFE7D8-6708-4268-8903-493BA381F93E}.Debug|Any CPU.ActiveCfg = Debug|Any CPU
		{84CFE7D8-6708-4268-8903-493BA381F93E}.Debug|Any CPU.Build.0 = Debug|Any CPU
		{84CFE7D8-6708-4268-8903-493BA381F93E}.Release|Any CPU.ActiveCfg = Release|Any CPU
		{84CFE7D8-6708-4268-8903-493BA381F93E}.Release|Any CPU.Build.0 = Release|Any CPU
		{419EA593-4EAB-49DD-96CD-394D42799155}.Debug|Any CPU.ActiveCfg = Debug|Any CPU
		{419EA593-4EAB-49DD-96CD-394D42799155}.Debug|Any CPU.Build.0 = Debug|Any CPU
		{419EA593-4EAB-49DD-96CD-394D42799155}.Release|Any CPU.ActiveCfg = Release|Any CPU
		{419EA593-4EAB-49DD-96CD-394D42799155}.Release|Any CPU.Build.0 = Release|Any CPU
		{BA0C32C0-7DB0-49EC-B9AC-5F1EBF8046E4}.Debug|Any CPU.ActiveCfg = Debug|Any CPU
		{BA0C32C0-7DB0-49EC-B9AC-5F1EBF8046E4}.Debug|Any CPU.Build.0 = Debug|Any CPU
		{BA0C32C0-7DB0-49EC-B9AC-5F1EBF8046E4}.Release|Any CPU.ActiveCfg = Release|Any CPU
		{BA0C32C0-7DB0-49EC-B9AC-5F1EBF8046E4}.Release|Any CPU.Build.0 = Release|Any CPU
	EndGlobalSection
	GlobalSection(SolutionProperties) = preSolution
		HideSolutionNode = FALSE
	EndGlobalSection
	GlobalSection(ExtensibilityGlobals) = postSolution
		SolutionGuid = {4C575667-9FA7-49AD-AF06-621A8492E0F1}
	EndGlobalSection
EndGlobal
